
Microsoft Visual Studio Solution File, Format Version 12.00
# Visual Studio Version 17
VisualStudioVersion = 17.9.34728.123
MinimumVisualStudioVersion = 10.0.40219.1
Project("{9A19103F-16F7-4668-BE54-9A1E7A4F7556}") = "Lab13", "Lab13.csproj", "{20A70F30-390C-419E-BAD2-38F70B76E339}"
EndProject
Global
	GlobalSection(SolutionConfigurationPlatforms) = preSolution
		Debug|Any CPU = Debug|Any CPU
		Release|Any CPU = Release|Any CPU
	EndGlobalSection
	GlobalSection(ProjectConfigurationPlatforms) = postSolution
		{20A70F30-390C-419E-BAD2-38F70B76E339}.Debug|Any CPU.ActiveCfg = Debug|Any CPU
		{20A70F30-390C-419E-BAD2-38F70B76E339}.Debug|Any CPU.Build.0 = Debug|Any CPU
		{20A70F30-390C-419E-BAD2-38F70B76E339}.Release|Any CPU.ActiveCfg = Release|Any CPU
		{20A70F30-390C-419E-BAD2-38F70B76E339}.Release|Any CPU.Build.0 = Release|Any CPU
	EndGlobalSection
	GlobalSection(SolutionProperties) = preSolution
		HideSolutionNode = FALSE
	EndGlobalSection
	GlobalSection(ExtensibilityGlobals) = postSolution
		SolutionGuid = {B81733B4-387B-43F9-A124-701947FAC256}
	EndGlobalSection
EndGlobal
